// !$*UTF8*$!
{
	archiveVersion = 1;
	classes = {
	};
	objectVersion = 45;
	objects = {

/* Begin PBXBuildFile section */
		6EFFAFCA1A3076C300165A3A /* main.m in Sources */ = {isa = PBXBuildFile; fileRef = 6EFFAFC91A3076C300165A3A /* main.m */; };
		6EFFAFCD1A3076C300165A3A /* AppDelegate.m in Sources */ = {isa = PBXBuildFile; fileRef = 6EFFAFCC1A3076C300165A3A /* AppDelegate.m */; };
		6EFFAFD01A3076C300165A3A /* ViewController.m in Sources */ = {isa = PBXBuildFile; fileRef = 6EFFAFCF1A3076C300165A3A /* ViewController.m */; };
		6EFFAFD31A3076C300165A3A /* Main.storyboard in Resources */ = {isa = PBXBuildFile; fileRef = 6EFFAFD11A3076C300165A3A /* Main.storyboard */; };
		6EFFAFD51A3076C300165A3A /* Images.xcassets in Resources */ = {isa = PBXBuildFile; fileRef = 6EFFAFD41A3076C300165A3A /* Images.xcassets */; };
		6EFFAFD81A3076C300165A3A /* LaunchScreen.xib in Resources */ = {isa = PBXBuildFile; fileRef = 6EFFAFD61A3076C300165A3A /* LaunchScreen.xib */; };
		6EFFAFE41A3076C300165A3A /* aaaTests.m in Sources */ = {isa = PBXBuildFile; fileRef = 6EFFAFE31A3076C300165A3A /* aaaTests.m */; };
/* End PBXBuildFile section */

/* Begin PBXContainerItemProxy section */
		6EFFAFDE1A3076C300165A3A /* PBXContainerItemProxy */ = {
			isa = PBXContainerItemProxy;
			containerPortal = 6EFFAFBC1A3076C300165A3A /* Project object */;
			proxyType = 1;
			remoteGlobalIDString = 6EFFAFC31A3076C300165A3A;
			remoteInfo = aaa;
		};
/* End PBXContainerItemProxy section */

/* Begin PBXFileReference section */
		6EFFAFC41A3076C300165A3A /* alert.app */ = {isa = PBXFileReference; explicitFileType = wrapper.application; includeInIndex = 0; path = alert.app; sourceTree = BUILT_PRODUCTS_DIR; };
		6EFFAFC81A3076C300165A3A /* Info.plist */ = {isa = PBXFileReference; lastKnownFileType = text.plist.xml; path = Info.plist; sourceTree = "<group>"; };
		6EFFAFC91A3076C300165A3A /* main.m */ = {isa = PBXFileReference; lastKnownFileType = sourcecode.c.objc; path = main.m; sourceTree = "<group>"; };
		6EFFAFCB1A3076C300165A3A /* AppDelegate.h */ = {isa = PBXFileReference; lastKnownFileType = sourcecode.c.h; path = AppDelegate.h; sourceTree = "<group>"; };
		6EFFAFCC1A3076C300165A3A /* AppDelegate.m */ = {isa = PBXFileReference; lastKnownFileType = sourcecode.c.objc; path = AppDelegate.m; sourceTree = "<group>"; };
		6EFFAFCE1A3076C300165A3A /* ViewController.h */ = {isa = PBXFileReference; lastKnownFileType = sourcecode.c.h; path = ViewController.h; sourceTree = "<group>"; };
		6EFFAFCF1A3076C300165A3A /* ViewController.m */ = {isa = PBXFileReference; lastKnownFileType = sourcecode.c.objc; path = ViewController.m; sourceTree = "<group>"; };
		6EFFAFD21A3076C300165A3A /* Base */ = {isa = PBXFileReference; lastKnownFileType = file.storyboard; name = Base; path = Base.lproj/Main.storyboard; sourceTree = "<group>"; };
		6EFFAFD41A3076C300165A3A /* Images.xcassets */ = {isa = PBXFileReference; lastKnownFileType = folder.assetcatalog; path = Images.xcassets; sourceTree = "<group>"; };
		6EFFAFD71A3076C300165A3A /* Base */ = {isa = PBXFileReference; lastKnownFileType = file.xib; name = Base; path = Base.lproj/LaunchScreen.xib; sourceTree = "<group>"; };
		6EFFAFDD1A3076C300165A3A /* alertTests.xctest */ = {isa = PBXFileReference; explicitFileType = wrapper.cfbundle; includeInIndex = 0; path = alertTests.xctest; sourceTree = BUILT_PRODUCTS_DIR; };
		6EFFAFE21A3076C300165A3A /* Info.plist */ = {isa = PBXFileReference; lastKnownFileType = text.plist.xml; path = Info.plist; sourceTree = "<group>"; };
		6EFFAFE31A3076C300165A3A /* aaaTests.m */ = {isa = PBXFileReference; lastKnownFileType = sourcecode.c.objc; path = aaaTests.m; sourceTree = "<group>"; };
/* End PBXFileReference section */

/* Begin PBXFrameworksBuildPhase section */
		6EFFAFC11A3076C300165A3A /* Frameworks */ = {
			isa = PBXFrameworksBuildPhase;
			buildActionMask = 2147483647;
			files = (
			);
			runOnlyForDeploymentPostprocessing = 0;
		};
		6EFFAFDA1A3076C300165A3A /* Frameworks */ = {
			isa = PBXFrameworksBuildPhase;
			buildActionMask = 2147483647;
			files = (
			);
			runOnlyForDeploymentPostprocessing = 0;
		};
/* End PBXFrameworksBuildPhase section */

/* Begin PBXGroup section */
		6EFFAFBB1A3076C300165A3A = {
			isa = PBXGroup;
			children = (
				6EFFAFC61A3076C300165A3A /* aaa */,
				6EFFAFE01A3076C300165A3A /* aaaTests */,
				6EFFAFC51A3076C300165A3A /* Products */,
			);
			sourceTree = "<group>";
		};
		6EFFAFC51A3076C300165A3A /* Products */ = {
			isa = PBXGroup;
			children = (
				6EFFAFC41A3076C300165A3A /* alert.app */,
				6EFFAFDD1A3076C300165A3A /* alertTests.xctest */,
			);
			name = Products;
			sourceTree = "<group>";
		};
		6EFFAFC61A3076C300165A3A /* aaa */ = {
			isa = PBXGroup;
			children = (
				6EFFAFCB1A3076C300165A3A /* AppDelegate.h */,
				6EFFAFCC1A3076C300165A3A /* AppDelegate.m */,
				6EFFAFCE1A3076C300165A3A /* ViewController.h */,
				6EFFAFCF1A3076C300165A3A /* ViewController.m */,
				6EFFAFD11A3076C300165A3A /* Main.storyboard */,
				6EFFAFD41A3076C300165A3A /* Images.xcassets */,
				6EFFAFD61A3076C300165A3A /* LaunchScreen.xib */,
				6EFFAFC71A3076C300165A3A /* Supporting Files */,
			);
			path = aaa;
			sourceTree = "<group>";
		};
		6EFFAFC71A3076C300165A3A /* Supporting Files */ = {
			isa = PBXGroup;
			children = (
				6EFFAFC81A3076C300165A3A /* Info.plist */,
				6EFFAFC91A3076C300165A3A /* main.m */,
			);
			name = "Supporting Files";
			sourceTree = "<group>";
		};
		6EFFAFE01A3076C300165A3A /* aaaTests */ = {
			isa = PBXGroup;
			children = (
				6EFFAFE31A3076C300165A3A /* aaaTests.m */,
				6EFFAFE11A3076C300165A3A /* Supporting Files */,
			);
			path = aaaTests;
			sourceTree = "<group>";
		};
		6EFFAFE11A3076C300165A3A /* Supporting Files */ = {
			isa = PBXGroup;
			children = (
				6EFFAFE21A3076C300165A3A /* Info.plist */,
			);
			name = "Supporting Files";
			sourceTree = "<group>";
		};
/* End PBXGroup section */

/* Begin PBXNativeTarget section */
		6EFFAFC31A3076C300165A3A /* alert */ = {
			isa = PBXNativeTarget;
			buildConfigurationList = 6EFFAFE71A3076C300165A3A /* Build configuration list for PBXNativeTarget "alert" */;
			buildPhases = (
				6EFFAFC01A3076C300165A3A /* Sources */,
				6EFFAFC11A3076C300165A3A /* Frameworks */,
				6EFFAFC21A3076C300165A3A /* Resources */,
			);
			buildRules = (
			);
			dependencies = (
			);
			name = alert;
			productName = aaa;
			productReference = 6EFFAFC41A3076C300165A3A /* alert.app */;
			productType = "com.apple.product-type.application";
		};
		6EFFAFDC1A3076C300165A3A /* alertTests */ = {
			isa = PBXNativeTarget;
			buildConfigurationList = 6EFFAFEA1A3076C300165A3A /* Build configuration list for PBXNativeTarget "alertTests" */;
			buildPhases = (
				6EFFAFD91A3076C300165A3A /* Sources */,
				6EFFAFDA1A3076C300165A3A /* Frameworks */,
				6EFFAFDB1A3076C300165A3A /* Resources */,
			);
			buildRules = (
			);
			dependencies = (
				6EFFAFDF1A3076C300165A3A /* PBXTargetDependency */,
			);
			name = alertTests;
			productName = aaaTests;
			productReference = 6EFFAFDD1A3076C300165A3A /* alertTests.xctest */;
			productType = "com.apple.product-type.bundle.unit-test";
		};
/* End PBXNativeTarget section */

/* Begin PBXProject section */
		6EFFAFBC1A3076C300165A3A /* Project object */ = {
			isa = PBXProject;
			attributes = {
				LastUpgradeCheck = 0610;
				ORGANIZATIONNAME = "奥村 維敦";
				TargetAttributes = {
					6EFFAFC31A3076C300165A3A = {
						CreatedOnToolsVersion = 6.1.1;
					};
					6EFFAFDC1A3076C300165A3A = {
						CreatedOnToolsVersion = 6.1.1;
						TestTargetID = 6EFFAFC31A3076C300165A3A;
					};
				};
			};
			buildConfigurationList = 6EFFAFBF1A3076C300165A3A /* Build configuration list for PBXProject "alert" */;
			compatibilityVersion = "Xcode 3.1";
			developmentRegion = English;
			hasScannedForEncodings = 0;
			knownRegions = (
				en,
				Base,
			);
			mainGroup = 6EFFAFBB1A3076C300165A3A;
			productRefGroup = 6EFFAFC51A3076C300165A3A /* Products */;
			projectDirPath = "";
			projectRoot = "";
			targets = (
				6EFFAFC31A3076C300165A3A /* alert */,
				6EFFAFDC1A3076C300165A3A /* alertTests */,
			);
		};
/* End PBXProject section */

/* Begin PBXResourcesBuildPhase section */
		6EFFAFC21A3076C300165A3A /* Resources */ = {
			isa = PBXResourcesBuildPhase;
			buildActionMask = 2147483647;
			files = (
				6EFFAFD31A3076C300165A3A /* Main.storyboard in Resources */,
				6EFFAFD81A3076C300165A3A /* LaunchScreen.xib in Resources */,
				6EFFAFD51A3076C300165A3A /* Images.xcassets in Resources */,
			);
			runOnlyForDeploymentPostprocessing = 0;
		};
		6EFFAFDB1A3076C300165A3A /* Resources */ = {
			isa = PBXResourcesBuildPhase;
			buildActionMask = 2147483647;
			files = (
			);
			runOnlyForDeploymentPostprocessing = 0;
		};
/* End PBXResourcesBuildPhase section */

/* Begin PBXSourcesBuildPhase section */
		6EFFAFC01A3076C300165A3A /* Sources */ = {
			isa = PBXSourcesBuildPhase;
			buildActionMask = 2147483647;
			files = (
				6EFFAFD01A3076C300165A3A /* ViewController.m in Sources */,
				6EFFAFCD1A3076C300165A3A /* AppDelegate.m in Sources */,
				6EFFAFCA1A3076C300165A3A /* main.m in Sources */,
			);
			runOnlyForDeploymentPostprocessing = 0;
		};
		6EFFAFD91A3076C300165A3A /* Sources */ = {
			isa = PBXSourcesBuildPhase;
			buildActionMask = 2147483647;
			files = (
				6EFFAFE41A3076C300165A3A /* aaaTests.m in Sources */,
			);
			runOnlyForDeploymentPostprocessing = 0;
		};
/* End PBXSourcesBuildPhase section */

/* Begin PBXTargetDependency section */
		6EFFAFDF1A3076C300165A3A /* PBXTargetDependency */ = {
			isa = PBXTargetDependency;
			target = 6EFFAFC31A3076C300165A3A /* alert */;
			targetProxy = 6EFFAFDE1A3076C300165A3A /* PBXContainerItemProxy */;
		};
/* End PBXTargetDependency section */

/* Begin PBXVariantGroup section */
		6EFFAFD11A3076C300165A3A /* Main.storyboard */ = {
			isa = PBXVariantGroup;
			children = (
				6EFFAFD21A3076C300165A3A /* Base */,
			);
			name = Main.storyboard;
			sourceTree = "<group>";
		};
		6EFFAFD61A3076C300165A3A /* LaunchScreen.xib */ = {
			isa = PBXVariantGroup;
			children = (
				6EFFAFD71A3076C300165A3A /* Base */,
			);
			name = LaunchScreen.xib;
			sourceTree = "<group>";
		};
/* End PBXVariantGroup section */

/* Begin XCBuildConfiguration section */
		6EFFAFE51A3076C300165A3A /* Debug */ = {
			isa = XCBuildConfiguration;
			buildSettings = {
				ALWAYS_SEARCH_USER_PATHS = NO;
				CLANG_CXX_LANGUAGE_STANDARD = "gnu++0x";
				CLANG_CXX_LIBRARY = "libc++";
				CLANG_ENABLE_MODULES = YES;
				CLANG_ENABLE_OBJC_ARC = YES;
				CLANG_WARN_BOOL_CONVERSION = YES;
				CLANG_WARN_CONSTANT_CONVERSION = YES;
				CLANG_WARN_DIRECT_OBJC_ISA_USAGE = YES_ERROR;
				CLANG_WARN_EMPTY_BODY = YES;
				CLANG_WARN_ENUM_CONVERSION = YES;
				CLANG_WARN_INT_CONVERSION = YES;
				CLANG_WARN_OBJC_ROOT_CLASS = YES_ERROR;
				CLANG_WARN_UNREACHABLE_CODE = YES;
				CLANG_WARN__DUPLICATE_METHOD_MATCH = YES;
				"CODE_SIGN_IDENTITY[sdk=iphoneos*]" = "iPhone Developer";
				COPY_PHASE_STRIP = NO;
				ENABLE_STRICT_OBJC_MSGSEND = YES;
				GCC_C_LANGUAGE_STANDARD = gnu99;
				GCC_DYNAMIC_NO_PIC = NO;
				GCC_OPTIMIZATION_LEVEL = 0;
				GCC_PREPROCESSOR_DEFINITIONS = (
					"DEBUG=1",
					"$(inherited)",
				);
				GCC_SYMBOLS_PRIVATE_EXTERN = NO;
				GCC_WARN_64_TO_32_BIT_CONVERSION = YES;
				GCC_WARN_ABOUT_RETURN_TYPE = YES_ERROR;
				GCC_WARN_UNDECLARED_SELECTOR = YES;
				GCC_WARN_UNINITIALIZED_AUTOS = YES_AGGRESSIVE;
				GCC_WARN_UNUSED_FUNCTION = YES;
				GCC_WARN_UNUSED_VARIABLE = YES;
				IPHONEOS_DEPLOYMENT_TARGET = 8.1;
				MTL_ENABLE_DEBUG_INFO = YES;
				ONLY_ACTIVE_ARCH = YES;
				SDKROOT = iphoneos;
			};
			name = Debug;
		};
		6EFFAFE61A3076C300165A3A /* Release */ = {
			isa = XCBuildConfiguration;
			buildSettings = {
				ALWAYS_SEARCH_USER_PATHS = NO;
				CLANG_CXX_LANGUAGE_STANDARD = "gnu++0x";
				CLANG_CXX_LIBRARY = "libc++";
				CLANG_ENABLE_MODULES = YES;
				CLANG_ENABLE_OBJC_ARC = YES;
				CLANG_WARN_BOOL_CONVERSION = YES;
				CLANG_WARN_CONSTANT_CONVERSION = YES;
				CLANG_WARN_DIRECT_OBJC_ISA_USAGE = YES_ERROR;
				CLANG_WARN_EMPTY_BODY = YES;
				CLANG_WARN_ENUM_CONVERSION = YES;
				CLANG_WARN_INT_CONVERSION = YES;
				CLANG_WARN_OBJC_ROOT_CLASS = YES_ERROR;
				CLANG_WARN_UNREACHABLE_CODE = YES;
				CLANG_WARN__DUPLICATE_METHOD_MATCH = YES;
				"CODE_SIGN_IDENTITY[sdk=iphoneos*]" = "iPhone Developer";
				COPY_PHASE_STRIP = YES;
				ENABLE_NS_ASSERTIONS = NO;
				ENABLE_STRICT_OBJC_MSGSEND = YES;
				GCC_C_LANGUAGE_STANDARD = gnu99;
				GCC_WARN_64_TO_32_BIT_CONVERSION = YES;
				GCC_WARN_ABOUT_RETURN_TYPE = YES_ERROR;
				GCC_WARN_UNDECLARED_SELECTOR = YES;
				GCC_WARN_UNINITIALIZED_AUTOS = YES_AGGRESSIVE;
				GCC_WARN_UNUSED_FUNCTION = YES;
				GCC_WARN_UNUSED_VARIABLE = YES;
				IPHONEOS_DEPLOYMENT_TARGET = 8.1;
				MTL_ENABLE_DEBUG_INFO = NO;
				SDKROOT = iphoneos;
				VALIDATE_PRODUCT = YES;
			};
			name = Release;
		};
		6EFFAFE81A3076C300165A3A /* Debug */ = {
			isa = XCBuildConfiguration;
			buildSettings = {
				ASSETCATALOG_COMPILER_APPICON_NAME = AppIcon;
				CODE_SIGN_IDENTITY = "iPhone Developer";
				INFOPLIST_FILE = aaa/Info.plist;
				LD_RUNPATH_SEARCH_PATHS = "$(inherited) @executable_path/Frameworks";
				PRODUCT_NAME = alert;
			};
			name = Debug;
		};
		6EFFAFE91A3076C300165A3A /* Release */ = {
			isa = XCBuildConfiguration;
			buildSettings = {
				ASSETCATALOG_COMPILER_APPICON_NAME = AppIcon;
				CODE_SIGN_IDENTITY = "iPhone Developer";
				INFOPLIST_FILE = aaa/Info.plist;
				LD_RUNPATH_SEARCH_PATHS = "$(inherited) @executable_path/Frameworks";
				PRODUCT_NAME = alert;
			};
			name = Release;
		};
		6EFFAFEB1A3076C300165A3A /* Debug */ = {
			isa = XCBuildConfiguration;
			buildSettings = {
				BUNDLE_LOADER = "$(TEST_HOST)";
				FRAMEWORK_SEARCH_PATHS = (
					"$(SDKROOT)/Developer/Library/Frameworks",
					"$(inherited)",
				);
				GCC_PREPROCESSOR_DEFINITIONS = (
					"DEBUG=1",
					"$(inherited)",
				);
				INFOPLIST_FILE = aaaTests/Info.plist;
				LD_RUNPATH_SEARCH_PATHS = "$(inherited) @executable_path/Frameworks @loader_path/Frameworks";
				PRODUCT_NAME = alertTests;
				TEST_HOST = "$(BUILT_PRODUCTS_DIR)/aaa.app/aaa";
			};
			name = Debug;
		};
		6EFFAFEC1A3076C300165A3A /* Release */ = {
			isa = XCBuildConfiguration;
			buildSettings = {
				BUNDLE_LOADER = "$(TEST_HOST)";
				FRAMEWORK_SEARCH_PATHS = (
					"$(SDKROOT)/Developer/Library/Frameworks",
					"$(inherited)",
				);
				INFOPLIST_FILE = aaaTests/Info.plist;
				LD_RUNPATH_SEARCH_PATHS = "$(inherited) @executable_path/Frameworks @loader_path/Frameworks";
				PRODUCT_NAME = alertTests;
				TEST_HOST = "$(BUILT_PRODUCTS_DIR)/aaa.app/aaa";
			};
			name = Release;
		};
/* End XCBuildConfiguration section */

/* Begin XCConfigurationList section */
		6EFFAFBF1A3076C300165A3A /* Build configuration list for PBXProject "alert" */ = {
			isa = XCConfigurationList;
			buildConfigurations = (
				6EFFAFE51A3076C300165A3A /* Debug */,
				6EFFAFE61A3076C300165A3A /* Release */,
			);
			defaultConfigurationIsVisible = 0;
			defaultConfigurationName = Release;
		};
		6EFFAFE71A3076C300165A3A /* Build configuration list for PBXNativeTarget "alert" */ = {
			isa = XCConfigurationList;
			buildConfigurations = (
				6EFFAFE81A3076C300165A3A /* Debug */,
				6EFFAFE91A3076C300165A3A /* Release */,
			);
			defaultConfigurationIsVisible = 0;
			defaultConfigurationName = Release;
		};
		6EFFAFEA1A3076C300165A3A /* Build configuration list for PBXNativeTarget "alertTests" */ = {
			isa = XCConfigurationList;
			buildConfigurations = (
				6EFFAFEB1A3076C300165A3A /* Debug */,
				6EFFAFEC1A3076C300165A3A /* Release */,
			);
			defaultConfigurationIsVisible = 0;
			defaultConfigurationName = Release;
		};
/* End XCConfigurationList section */
	};
	rootObject = 6EFFAFBC1A3076C300165A3A /* Project object */;
}
